
Microsoft Visual Studio Solution File, Format Version 12.00
# Visual Studio Version 17
VisualStudioVersion = 17.10.35004.147
MinimumVisualStudioVersion = 10.0.40219.1
Project("{FAE04EC0-301F-11D3-BF4B-00C04F79EFBC}") = "BlogSite", "BlogSite\BlogSite.csproj", "{A31C7767-C5D8-4A70-8CAE-8283696CECFD}"
EndProject
Project("{FAE04EC0-301F-11D3-BF4B-00C04F79EFBC}") = "Entities", "Entities\Entities.csproj", "{16D1250A-2F28-485D-B88A-9232165A257F}"
EndProject
Project("{FAE04EC0-301F-11D3-BF4B-00C04F79EFBC}") = "DataAccess", "DataAccess\DataAccess.csproj", "{870CF3F7-14AC-489F-9B9F-1E5CF0505970}"
EndProject
Project("{FAE04EC0-301F-11D3-BF4B-00C04F79EFBC}") = "Core", "Core\Core.csproj", "{F9FEB4BC-1C51-4780-9B2A-AA47C58BD03F}"
EndProject
Project("{FAE04EC0-301F-11D3-BF4B-00C04F79EFBC}") = "Business", "Business\Business.csproj", "{FD7EDE63-81D9-4E41-855D-926E53535729}"
EndProject
Global
	GlobalSection(SolutionConfigurationPlatforms) = preSolution
		Debug|Any CPU = Debug|Any CPU
		Release|Any CPU = Release|Any CPU
	EndGlobalSection
	GlobalSection(ProjectConfigurationPlatforms) = postSolution
		{A31C7767-C5D8-4A70-8CAE-8283696CECFD}.Debug|Any CPU.ActiveCfg = Debug|Any CPU
		{A31C7767-C5D8-4A70-8CAE-8283696CECFD}.Debug|Any CPU.Build.0 = Debug|Any CPU
		{A31C7767-C5D8-4A70-8CAE-8283696CECFD}.Release|Any CPU.ActiveCfg = Release|Any CPU
		{A31C7767-C5D8-4A70-8CAE-8283696CECFD}.Release|Any CPU.Build.0 = Release|Any CPU
		{16D1250A-2F28-485D-B88A-9232165A257F}.Debug|Any CPU.ActiveCfg = Debug|Any CPU
		{16D1250A-2F28-485D-B88A-9232165A257F}.Debug|Any CPU.Build.0 = Debug|Any CPU
		{16D1250A-2F28-485D-B88A-9232165A257F}.Release|Any CPU.ActiveCfg = Release|Any CPU
		{16D1250A-2F28-485D-B88A-9232165A257F}.Release|Any CPU.Build.0 = Release|Any CPU
		{870CF3F7-14AC-489F-9B9F-1E5CF0505970}.Debug|Any CPU.ActiveCfg = Debug|Any CPU
		{870CF3F7-14AC-489F-9B9F-1E5CF0505970}.Debug|Any CPU.Build.0 = Debug|Any CPU
		{870CF3F7-14AC-489F-9B9F-1E5CF0505970}.Release|Any CPU.ActiveCfg = Release|Any CPU
		{870CF3F7-14AC-489F-9B9F-1E5CF0505970}.Release|Any CPU.Build.0 = Release|Any CPU
		{F9FEB4BC-1C51-4780-9B2A-AA47C58BD03F}.Debug|Any CPU.ActiveCfg = Debug|Any CPU
		{F9FEB4BC-1C51-4780-9B2A-AA47C58BD03F}.Debug|Any CPU.Build.0 = Debug|Any CPU
		{F9FEB4BC-1C51-4780-9B2A-AA47C58BD03F}.Release|Any CPU.ActiveCfg = Release|Any CPU
		{F9FEB4BC-1C51-4780-9B2A-AA47C58BD03F}.Release|Any CPU.Build.0 = Release|Any CPU
		{FD7EDE63-81D9-4E41-855D-926E53535729}.Debug|Any CPU.ActiveCfg = Debug|Any CPU
		{FD7EDE63-81D9-4E41-855D-926E53535729}.Debug|Any CPU.Build.0 = Debug|Any CPU
		{FD7EDE63-81D9-4E41-855D-926E53535729}.Release|Any CPU.ActiveCfg = Release|Any CPU
		{FD7EDE63-81D9-4E41-855D-926E53535729}.Release|Any CPU.Build.0 = Release|Any CPU
	EndGlobalSection
	GlobalSection(SolutionProperties) = preSolution
		HideSolutionNode = FALSE
	EndGlobalSection
	GlobalSection(ExtensibilityGlobals) = postSolution
		SolutionGuid = {8386DE77-F339-4C9F-80E6-221F9E654814}
	EndGlobalSection
EndGlobal
